
Microsoft Visual Studio Solution File, Format Version 12.00
# Visual Studio Version 17
VisualStudioVersion = 17.5.33424.131
MinimumVisualStudioVersion = 10.0.40219.1
Project("{FAE04EC0-301F-11D3-BF4B-00C04F79EFBC}") = "EventLab", "EventLab.csproj", "{4131A85E-0CD7-4644-81C0-29A8B606FD86}"
EndProject
Global
	GlobalSection(SolutionConfigurationPlatforms) = preSolution
		Debug|Any CPU = Debug|Any CPU
		Release|Any CPU = Release|Any CPU
	EndGlobalSection
	GlobalSection(ProjectConfigurationPlatforms) = postSolution
		{4131A85E-0CD7-4644-81C0-29A8B606FD86}.Debug|Any CPU.ActiveCfg = Debug|Any CPU
		{4131A85E-0CD7-4644-81C0-29A8B606FD86}.Debug|Any CPU.Build.0 = Debug|Any CPU
		{4131A85E-0CD7-4644-81C0-29A8B606FD86}.Release|Any CPU.ActiveCfg = Release|Any CPU
		{4131A85E-0CD7-4644-81C0-29A8B606FD86}.Release|Any CPU.Build.0 = Release|Any CPU
	EndGlobalSection
	GlobalSection(SolutionProperties) = preSolution
		HideSolutionNode = FALSE
	EndGlobalSection
	GlobalSection(ExtensibilityGlobals) = postSolution
		SolutionGuid = {333FFD84-F78A-4F61-BEEC-9173B021E31C}
	EndGlobalSection
EndGlobal
