
Microsoft Visual Studio Solution File, Format Version 12.00
# Visual Studio Version 17
VisualStudioVersion = 17.5.33424.131
MinimumVisualStudioVersion = 10.0.40219.1
Project("{FAE04EC0-301F-11D3-BF4B-00C04F79EFBC}") = "NoteVerse", "NoteVerse.csproj", "{74C072A3-A000-4F5A-A873-32F0103C95E6}"
EndProject
Global
	GlobalSection(SolutionConfigurationPlatforms) = preSolution
		Debug|Any CPU = Debug|Any CPU
		Release|Any CPU = Release|Any CPU
	EndGlobalSection
	GlobalSection(ProjectConfigurationPlatforms) = postSolution
		{74C072A3-A000-4F5A-A873-32F0103C95E6}.Debug|Any CPU.ActiveCfg = Debug|Any CPU
		{74C072A3-A000-4F5A-A873-32F0103C95E6}.Debug|Any CPU.Build.0 = Debug|Any CPU
		{74C072A3-A000-4F5A-A873-32F0103C95E6}.Release|Any CPU.ActiveCfg = Release|Any CPU
		{74C072A3-A000-4F5A-A873-32F0103C95E6}.Release|Any CPU.Build.0 = Release|Any CPU
	EndGlobalSection
	GlobalSection(SolutionProperties) = preSolution
		HideSolutionNode = FALSE
	EndGlobalSection
	GlobalSection(ExtensibilityGlobals) = postSolution
		SolutionGuid = {E5E3070E-F08E-47E1-95CD-E4E2B1342EF0}
	EndGlobalSection
EndGlobal
