
Microsoft Visual Studio Solution File, Format Version 12.00
# Visual Studio Version 17
VisualStudioVersion = 17.5.33424.131
MinimumVisualStudioVersion = 10.0.40219.1
Project("{FAE04EC0-301F-11D3-BF4B-00C04F79EFBC}") = "BiletiKupuvanje", "BiletiKupuvanje.csproj", "{5CFF6173-3EBF-4C34-9C11-387A5D880F31}"
EndProject
Global
	GlobalSection(SolutionConfigurationPlatforms) = preSolution
		Debug|Any CPU = Debug|Any CPU
		Release|Any CPU = Release|Any CPU
	EndGlobalSection
	GlobalSection(ProjectConfigurationPlatforms) = postSolution
		{5CFF6173-3EBF-4C34-9C11-387A5D880F31}.Debug|Any CPU.ActiveCfg = Debug|Any CPU
		{5CFF6173-3EBF-4C34-9C11-387A5D880F31}.Debug|Any CPU.Build.0 = Debug|Any CPU
		{5CFF6173-3EBF-4C34-9C11-387A5D880F31}.Release|Any CPU.ActiveCfg = Release|Any CPU
		{5CFF6173-3EBF-4C34-9C11-387A5D880F31}.Release|Any CPU.Build.0 = Release|Any CPU
	EndGlobalSection
	GlobalSection(SolutionProperties) = preSolution
		HideSolutionNode = FALSE
	EndGlobalSection
	GlobalSection(ExtensibilityGlobals) = postSolution
		SolutionGuid = {DD20B2B0-B8AF-4765-8C43-9199F1E925AB}
	EndGlobalSection
EndGlobal
